// !$*UTF8*$!
{
	archiveVersion = 1;
	classes = {
	};
	objectVersion = 50;
	objects = {

/* Begin PBXBuildFile section */
		1DEC5C78220AAEE100A661B5 /* AppDelegate.swift in Sources */ = {isa = PBXBuildFile; fileRef = 1DEC5C77220AAEE100A661B5 /* AppDelegate.swift */; };
		1DEC5C7D220AAEE100A661B5 /* Main.storyboard in Resources */ = {isa = PBXBuildFile; fileRef = 1DEC5C7B220AAEE100A661B5 /* Main.storyboard */; };
		1DEC5C7F220AAEF600A661B5 /* Assets.xcassets in Resources */ = {isa = PBXBuildFile; fileRef = 1DEC5C7E220AAEF600A661B5 /* Assets.xcassets */; };
		1DEC5C82220AAEF600A661B5 /* LaunchScreen.storyboard in Resources */ = {isa = PBXBuildFile; fileRef = 1DEC5C80220AAEF600A661B5 /* LaunchScreen.storyboard */; };
		1DEC5C8D220AAEFB00A661B5 /* TumblrTests.swift in Sources */ = {isa = PBXBuildFile; fileRef = 1DEC5C8C220AAEFB00A661B5 /* TumblrTests.swift */; };
		1DEC5C98220AAEFB00A661B5 /* TumblrUITests.swift in Sources */ = {isa = PBXBuildFile; fileRef = 1DEC5C97220AAEFB00A661B5 /* TumblrUITests.swift */; };
		1DEC5CA6220AAF9100A661B5 /* PhotoViewController.swift in Sources */ = {isa = PBXBuildFile; fileRef = 1DEC5CA5220AAF9100A661B5 /* PhotoViewController.swift */; };
		1DEC5CA8220AB20D00A661B5 /* PhotoCell.swift in Sources */ = {isa = PBXBuildFile; fileRef = 1DEC5CA7220AB20D00A661B5 /* PhotoCell.swift */; };
		22A1692344C2EBF6E522F48F /* Pods_TumblrUITests.framework in Frameworks */ = {isa = PBXBuildFile; fileRef = 4E15F3A03B17A624DE6973DA /* Pods_TumblrUITests.framework */; };
		862D00DE6FA29AC0078F83AF /* Pods_Tumblr.framework in Frameworks */ = {isa = PBXBuildFile; fileRef = 02BF290B2215CAD21E8A5782 /* Pods_Tumblr.framework */; };
		CA215542659DD62D4B29B604 /* Pods_TumblrTests.framework in Frameworks */ = {isa = PBXBuildFile; fileRef = C25646E40816C961DC3BF24E /* Pods_TumblrTests.framework */; };
/* End PBXBuildFile section */

/* Begin PBXContainerItemProxy section */
		1DEC5C89220AAEFB00A661B5 /* PBXContainerItemProxy */ = {
			isa = PBXContainerItemProxy;
			containerPortal = 1DEC5C6C220AAEE000A661B5 /* Project object */;
			proxyType = 1;
			remoteGlobalIDString = 1DEC5C73220AAEE100A661B5;
			remoteInfo = Tumblr;
		};
		1DEC5C94220AAEFB00A661B5 /* PBXContainerItemProxy */ = {
			isa = PBXContainerItemProxy;
			containerPortal = 1DEC5C6C220AAEE000A661B5 /* Project object */;
			proxyType = 1;
			remoteGlobalIDString = 1DEC5C73220AAEE100A661B5;
			remoteInfo = Tumblr;
		};
/* End PBXContainerItemProxy section */

/* Begin PBXFileReference section */
		02BF290B2215CAD21E8A5782 /* Pods_Tumblr.framework */ = {isa = PBXFileReference; explicitFileType = wrapper.framework; includeInIndex = 0; path = Pods_Tumblr.framework; sourceTree = BUILT_PRODUCTS_DIR; };
		1DEC5C74220AAEE100A661B5 /* Tumblr.app */ = {isa = PBXFileReference; explicitFileType = wrapper.application; includeInIndex = 0; path = Tumblr.app; sourceTree = BUILT_PRODUCTS_DIR; };
		1DEC5C77220AAEE100A661B5 /* AppDelegate.swift */ = {isa = PBXFileReference; lastKnownFileType = sourcecode.swift; path = AppDelegate.swift; sourceTree = "<group>"; };
		1DEC5C7C220AAEE100A661B5 /* Base */ = {isa = PBXFileReference; lastKnownFileType = file.storyboard; name = Base; path = Base.lproj/Main.storyboard; sourceTree = "<group>"; };
		1DEC5C7E220AAEF600A661B5 /* Assets.xcassets */ = {isa = PBXFileReference; lastKnownFileType = folder.assetcatalog; path = Assets.xcassets; sourceTree = "<group>"; };
		1DEC5C81220AAEF600A661B5 /* Base */ = {isa = PBXFileReference; lastKnownFileType = file.storyboard; name = Base; path = Base.lproj/LaunchScreen.storyboard; sourceTree = "<group>"; };
		1DEC5C83220AAEF600A661B5 /* Info.plist */ = {isa = PBXFileReference; lastKnownFileType = text.plist.xml; path = Info.plist; sourceTree = "<group>"; };
		1DEC5C88220AAEFB00A661B5 /* TumblrTests.xctest */ = {isa = PBXFileReference; explicitFileType = wrapper.cfbundle; includeInIndex = 0; path = TumblrTests.xctest; sourceTree = BUILT_PRODUCTS_DIR; };
		1DEC5C8C220AAEFB00A661B5 /* TumblrTests.swift */ = {isa = PBXFileReference; lastKnownFileType = sourcecode.swift; path = TumblrTests.swift; sourceTree = "<group>"; };
		1DEC5C8E220AAEFB00A661B5 /* Info.plist */ = {isa = PBXFileReference; lastKnownFileType = text.plist.xml; path = Info.plist; sourceTree = "<group>"; };
		1DEC5C93220AAEFB00A661B5 /* TumblrUITests.xctest */ = {isa = PBXFileReference; explicitFileType = wrapper.cfbundle; includeInIndex = 0; path = TumblrUITests.xctest; sourceTree = BUILT_PRODUCTS_DIR; };
		1DEC5C97220AAEFB00A661B5 /* TumblrUITests.swift */ = {isa = PBXFileReference; lastKnownFileType = sourcecode.swift; path = TumblrUITests.swift; sourceTree = "<group>"; };
		1DEC5C99220AAEFB00A661B5 /* Info.plist */ = {isa = PBXFileReference; lastKnownFileType = text.plist.xml; path = Info.plist; sourceTree = "<group>"; };
		1DEC5CA5220AAF9100A661B5 /* PhotoViewController.swift */ = {isa = PBXFileReference; lastKnownFileType = sourcecode.swift; path = PhotoViewController.swift; sourceTree = "<group>"; };
		1DEC5CA7220AB20D00A661B5 /* PhotoCell.swift */ = {isa = PBXFileReference; lastKnownFileType = sourcecode.swift; path = PhotoCell.swift; sourceTree = "<group>"; };
		3AE0BEC44A36B4D2C9D215D4 /* Pods-Tumblr.debug.xcconfig */ = {isa = PBXFileReference; includeInIndex = 1; lastKnownFileType = text.xcconfig; name = "Pods-Tumblr.debug.xcconfig"; path = "Pods/Target Support Files/Pods-Tumblr/Pods-Tumblr.debug.xcconfig"; sourceTree = "<group>"; };
		4C4F20A424C2BA1C57C96653 /* Pods-TumblrUITests.release.xcconfig */ = {isa = PBXFileReference; includeInIndex = 1; lastKnownFileType = text.xcconfig; name = "Pods-TumblrUITests.release.xcconfig"; path = "Pods/Target Support Files/Pods-TumblrUITests/Pods-TumblrUITests.release.xcconfig"; sourceTree = "<group>"; };
		4E15F3A03B17A624DE6973DA /* Pods_TumblrUITests.framework */ = {isa = PBXFileReference; explicitFileType = wrapper.framework; includeInIndex = 0; path = Pods_TumblrUITests.framework; sourceTree = BUILT_PRODUCTS_DIR; };
		6AF6C7211D6DB866138D681C /* Pods-Tumblr.release.xcconfig */ = {isa = PBXFileReference; includeInIndex = 1; lastKnownFileType = text.xcconfig; name = "Pods-Tumblr.release.xcconfig"; path = "Pods/Target Support Files/Pods-Tumblr/Pods-Tumblr.release.xcconfig"; sourceTree = "<group>"; };
		A2F0014949D6AB997F124121 /* Pods-TumblrTests.release.xcconfig */ = {isa = PBXFileReference; includeInIndex = 1; lastKnownFileType = text.xcconfig; name = "Pods-TumblrTests.release.xcconfig"; path = "Pods/Target Support Files/Pods-TumblrTests/Pods-TumblrTests.release.xcconfig"; sourceTree = "<group>"; };
		B80F78C8456DDAD235732459 /* Pods-TumblrUITests.debug.xcconfig */ = {isa = PBXFileReference; includeInIndex = 1; lastKnownFileType = text.xcconfig; name = "Pods-TumblrUITests.debug.xcconfig"; path = "Pods/Target Support Files/Pods-TumblrUITests/Pods-TumblrUITests.debug.xcconfig"; sourceTree = "<group>"; };
		C25646E40816C961DC3BF24E /* Pods_TumblrTests.framework */ = {isa = PBXFileReference; explicitFileType = wrapper.framework; includeInIndex = 0; path = Pods_TumblrTests.framework; sourceTree = BUILT_PRODUCTS_DIR; };
		E2D3CB2CEFCC6D31FA38C076 /* Pods-TumblrTests.debug.xcconfig */ = {isa = PBXFileReference; includeInIndex = 1; lastKnownFileType = text.xcconfig; name = "Pods-TumblrTests.debug.xcconfig"; path = "Pods/Target Support Files/Pods-TumblrTests/Pods-TumblrTests.debug.xcconfig"; sourceTree = "<group>"; };
/* End PBXFileReference section */

/* Begin PBXFrameworksBuildPhase section */
		1DEC5C71220AAEE100A661B5 /* Frameworks */ = {
			isa = PBXFrameworksBuildPhase;
			buildActionMask = 2147483647;
			files = (
				862D00DE6FA29AC0078F83AF /* Pods_Tumblr.framework in Frameworks */,
			);
			runOnlyForDeploymentPostprocessing = 0;
		};
		1DEC5C85220AAEFB00A661B5 /* Frameworks */ = {
			isa = PBXFrameworksBuildPhase;
			buildActionMask = 2147483647;
			files = (
				CA215542659DD62D4B29B604 /* Pods_TumblrTests.framework in Frameworks */,
			);
			runOnlyForDeploymentPostprocessing = 0;
		};
		1DEC5C90220AAEFB00A661B5 /* Frameworks */ = {
			isa = PBXFrameworksBuildPhase;
			buildActionMask = 2147483647;
			files = (
				22A1692344C2EBF6E522F48F /* Pods_TumblrUITests.framework in Frameworks */,
			);
			runOnlyForDeploymentPostprocessing = 0;
		};
/* End PBXFrameworksBuildPhase section */

/* Begin PBXGroup section */
		1DEC5C6B220AAEE000A661B5 = {
			isa = PBXGroup;
			children = (
				1DEC5C76220AAEE100A661B5 /* Tumblr */,
				1DEC5C8B220AAEFB00A661B5 /* TumblrTests */,
				1DEC5C96220AAEFB00A661B5 /* TumblrUITests */,
				1DEC5C75220AAEE100A661B5 /* Products */,
				CFF39A585AC917FFD4FA1A2C /* Pods */,
				49A33ED1FC13CC2A97D4FD30 /* Frameworks */,
			);
			sourceTree = "<group>";
		};
		1DEC5C75220AAEE100A661B5 /* Products */ = {
			isa = PBXGroup;
			children = (
				1DEC5C74220AAEE100A661B5 /* Tumblr.app */,
				1DEC5C88220AAEFB00A661B5 /* TumblrTests.xctest */,
				1DEC5C93220AAEFB00A661B5 /* TumblrUITests.xctest */,
			);
			name = Products;
			sourceTree = "<group>";
		};
		1DEC5C76220AAEE100A661B5 /* Tumblr */ = {
			isa = PBXGroup;
			children = (
				1DEC5C77220AAEE100A661B5 /* AppDelegate.swift */,
				1DEC5C7B220AAEE100A661B5 /* Main.storyboard */,
				1DEC5C7E220AAEF600A661B5 /* Assets.xcassets */,
				1DEC5C80220AAEF600A661B5 /* LaunchScreen.storyboard */,
				1DEC5C83220AAEF600A661B5 /* Info.plist */,
				1DEC5CA5220AAF9100A661B5 /* PhotoViewController.swift */,
				1DEC5CA7220AB20D00A661B5 /* PhotoCell.swift */,
			);
			path = Tumblr;
			sourceTree = "<group>";
		};
		1DEC5C8B220AAEFB00A661B5 /* TumblrTests */ = {
			isa = PBXGroup;
			children = (
				1DEC5C8C220AAEFB00A661B5 /* TumblrTests.swift */,
				1DEC5C8E220AAEFB00A661B5 /* Info.plist */,
			);
			path = TumblrTests;
			sourceTree = "<group>";
		};
		1DEC5C96220AAEFB00A661B5 /* TumblrUITests */ = {
			isa = PBXGroup;
			children = (
				1DEC5C97220AAEFB00A661B5 /* TumblrUITests.swift */,
				1DEC5C99220AAEFB00A661B5 /* Info.plist */,
			);
			path = TumblrUITests;
			sourceTree = "<group>";
		};
		49A33ED1FC13CC2A97D4FD30 /* Frameworks */ = {
			isa = PBXGroup;
			children = (
				02BF290B2215CAD21E8A5782 /* Pods_Tumblr.framework */,
				C25646E40816C961DC3BF24E /* Pods_TumblrTests.framework */,
				4E15F3A03B17A624DE6973DA /* Pods_TumblrUITests.framework */,
			);
			name = Frameworks;
			sourceTree = "<group>";
		};
		CFF39A585AC917FFD4FA1A2C /* Pods */ = {
			isa = PBXGroup;
			children = (
				3AE0BEC44A36B4D2C9D215D4 /* Pods-Tumblr.debug.xcconfig */,
				6AF6C7211D6DB866138D681C /* Pods-Tumblr.release.xcconfig */,
				E2D3CB2CEFCC6D31FA38C076 /* Pods-TumblrTests.debug.xcconfig */,
				A2F0014949D6AB997F124121 /* Pods-TumblrTests.release.xcconfig */,
				B80F78C8456DDAD235732459 /* Pods-TumblrUITests.debug.xcconfig */,
				4C4F20A424C2BA1C57C96653 /* Pods-TumblrUITests.release.xcconfig */,
			);
			name = Pods;
			sourceTree = "<group>";
		};
/* End PBXGroup section */

/* Begin PBXNativeTarget section */
		1DEC5C73220AAEE100A661B5 /* Tumblr */ = {
			isa = PBXNativeTarget;
			buildConfigurationList = 1DEC5C9C220AAEFB00A661B5 /* Build configuration list for PBXNativeTarget "Tumblr" */;
			buildPhases = (
				7DC4BEAC44845C8D8AA2CC2D /* [CP] Check Pods Manifest.lock */,
				1DEC5C70220AAEE100A661B5 /* Sources */,
				1DEC5C71220AAEE100A661B5 /* Frameworks */,
				1DEC5C72220AAEE100A661B5 /* Resources */,
				661B9EFE66BD5F935E3E6AD8 /* [CP] Embed Pods Frameworks */,
			);
			buildRules = (
			);
			dependencies = (
			);
			name = Tumblr;
			productName = Tumblr;
			productReference = 1DEC5C74220AAEE100A661B5 /* Tumblr.app */;
			productType = "com.apple.product-type.application";
		};
		1DEC5C87220AAEFB00A661B5 /* TumblrTests */ = {
			isa = PBXNativeTarget;
			buildConfigurationList = 1DEC5C9F220AAEFB00A661B5 /* Build configuration list for PBXNativeTarget "TumblrTests" */;
			buildPhases = (
				D7623F2C4D53A1CABD3F43AD /* [CP] Check Pods Manifest.lock */,
				1DEC5C84220AAEFB00A661B5 /* Sources */,
				1DEC5C85220AAEFB00A661B5 /* Frameworks */,
				1DEC5C86220AAEFB00A661B5 /* Resources */,
			);
			buildRules = (
			);
			dependencies = (
				1DEC5C8A220AAEFB00A661B5 /* PBXTargetDependency */,
			);
			name = TumblrTests;
			productName = TumblrTests;
			productReference = 1DEC5C88220AAEFB00A661B5 /* TumblrTests.xctest */;
			productType = "com.apple.product-type.bundle.unit-test";
		};
		1DEC5C92220AAEFB00A661B5 /* TumblrUITests */ = {
			isa = PBXNativeTarget;
			buildConfigurationList = 1DEC5CA2220AAEFB00A661B5 /* Build configuration list for PBXNativeTarget "TumblrUITests" */;
			buildPhases = (
				460FEEE4AE32C7AF45A72A23 /* [CP] Check Pods Manifest.lock */,
				1DEC5C8F220AAEFB00A661B5 /* Sources */,
				1DEC5C90220AAEFB00A661B5 /* Frameworks */,
				1DEC5C91220AAEFB00A661B5 /* Resources */,
			);
			buildRules = (
			);
			dependencies = (
				1DEC5C95220AAEFB00A661B5 /* PBXTargetDependency */,
			);
			name = TumblrUITests;
			productName = TumblrUITests;
			productReference = 1DEC5C93220AAEFB00A661B5 /* TumblrUITests.xctest */;
			productType = "com.apple.product-type.bundle.ui-testing";
		};
/* End PBXNativeTarget section */

/* Begin PBXProject section */
		1DEC5C6C220AAEE000A661B5 /* Project object */ = {
			isa = PBXProject;
			attributes = {
				LastSwiftUpdateCheck = 1010;
				LastUpgradeCheck = 1010;
				ORGANIZATIONNAME = "Jasmine Chen";
				TargetAttributes = {
					1DEC5C73220AAEE100A661B5 = {
						CreatedOnToolsVersion = 10.1;
					};
					1DEC5C87220AAEFB00A661B5 = {
						CreatedOnToolsVersion = 10.1;
						TestTargetID = 1DEC5C73220AAEE100A661B5;
					};
					1DEC5C92220AAEFB00A661B5 = {
						CreatedOnToolsVersion = 10.1;
						TestTargetID = 1DEC5C73220AAEE100A661B5;
					};
				};
			};
			buildConfigurationList = 1DEC5C6F220AAEE000A661B5 /* Build configuration list for PBXProject "Tumblr" */;
			compatibilityVersion = "Xcode 9.3";
			developmentRegion = en;
			hasScannedForEncodings = 0;
			knownRegions = (
				en,
				Base,
			);
			mainGroup = 1DEC5C6B220AAEE000A661B5;
			productRefGroup = 1DEC5C75220AAEE100A661B5 /* Products */;
			projectDirPath = "";
			projectRoot = "";
			targets = (
				1DEC5C73220AAEE100A661B5 /* Tumblr */,
				1DEC5C87220AAEFB00A661B5 /* TumblrTests */,
				1DEC5C92220AAEFB00A661B5 /* TumblrUITests */,
			);
		};
/* End PBXProject section */

/* Begin PBXResourcesBuildPhase section */
		1DEC5C72220AAEE100A661B5 /* Resources */ = {
			isa = PBXResourcesBuildPhase;
			buildActionMask = 2147483647;
			files = (
				1DEC5C82220AAEF600A661B5 /* LaunchScreen.storyboard in Resources */,
				1DEC5C7F220AAEF600A661B5 /* Assets.xcassets in Resources */,
				1DEC5C7D220AAEE100A661B5 /* Main.storyboard in Resources */,
			);
			runOnlyForDeploymentPostprocessing = 0;
		};
		1DEC5C86220AAEFB00A661B5 /* Resources */ = {
			isa = PBXResourcesBuildPhase;
			buildActionMask = 2147483647;
			files = (
			);
			runOnlyForDeploymentPostprocessing = 0;
		};
		1DEC5C91220AAEFB00A661B5 /* Resources */ = {
			isa = PBXResourcesBuildPhase;
			buildActionMask = 2147483647;
			files = (
			);
			runOnlyForDeploymentPostprocessing = 0;
		};
/* End PBXResourcesBuildPhase section */

/* Begin PBXShellScriptBuildPhase section */
		460FEEE4AE32C7AF45A72A23 /* [CP] Check Pods Manifest.lock */ = {
			isa = PBXShellScriptBuildPhase;
			buildActionMask = 2147483647;
			files = (
			);
			inputFileListPaths = (
			);
			inputPaths = (
				"${PODS_PODFILE_DIR_PATH}/Podfile.lock",
				"${PODS_ROOT}/Manifest.lock",
			);
			name = "[CP] Check Pods Manifest.lock";
			outputFileListPaths = (
			);
			outputPaths = (
				"$(DERIVED_FILE_DIR)/Pods-TumblrUITests-checkManifestLockResult.txt",
			);
			runOnlyForDeploymentPostprocessing = 0;
			shellPath = /bin/sh;
			shellScript = "diff \"${PODS_PODFILE_DIR_PATH}/Podfile.lock\" \"${PODS_ROOT}/Manifest.lock\" > /dev/null\nif [ $? != 0 ] ; then\n    # print error to STDERR\n    echo \"error: The sandbox is not in sync with the Podfile.lock. Run 'pod install' or update your CocoaPods installation.\" >&2\n    exit 1\nfi\n# This output is used by Xcode 'outputs' to avoid re-running this script phase.\necho \"SUCCESS\" > \"${SCRIPT_OUTPUT_FILE_0}\"\n";
			showEnvVarsInLog = 0;
		};
		661B9EFE66BD5F935E3E6AD8 /* [CP] Embed Pods Frameworks */ = {
			isa = PBXShellScriptBuildPhase;
			buildActionMask = 2147483647;
			files = (
			);
			inputFileListPaths = (
			);
			inputPaths = (
				"${SRCROOT}/Pods/Target Support Files/Pods-Tumblr/Pods-Tumblr-frameworks.sh",
				"${BUILT_PRODUCTS_DIR}/Alamofire/Alamofire.framework",
				"${BUILT_PRODUCTS_DIR}/AlamofireImage/AlamofireImage.framework",
			);
			name = "[CP] Embed Pods Frameworks";
			outputFileListPaths = (
			);
			outputPaths = (
				"${TARGET_BUILD_DIR}/${FRAMEWORKS_FOLDER_PATH}/Alamofire.framework",
				"${TARGET_BUILD_DIR}/${FRAMEWORKS_FOLDER_PATH}/AlamofireImage.framework",
			);
			runOnlyForDeploymentPostprocessing = 0;
			shellPath = /bin/sh;
			shellScript = "\"${SRCROOT}/Pods/Target Support Files/Pods-Tumblr/Pods-Tumblr-frameworks.sh\"\n";
			showEnvVarsInLog = 0;
		};
		7DC4BEAC44845C8D8AA2CC2D /* [CP] Check Pods Manifest.lock */ = {
			isa = PBXShellScriptBuildPhase;
			buildActionMask = 2147483647;
			files = (
			);
			inputFileListPaths = (
			);
			inputPaths = (
				"${PODS_PODFILE_DIR_PATH}/Podfile.lock",
				"${PODS_ROOT}/Manifest.lock",
			);
			name = "[CP] Check Pods Manifest.lock";
			outputFileListPaths = (
			);
			outputPaths = (
				"$(DERIVED_FILE_DIR)/Pods-Tumblr-checkManifestLockResult.txt",
			);
			runOnlyForDeploymentPostprocessing = 0;
			shellPath = /bin/sh;
			shellScript = "diff \"${PODS_PODFILE_DIR_PATH}/Podfile.lock\" \"${PODS_ROOT}/Manifest.lock\" > /dev/null\nif [ $? != 0 ] ; then\n    # print error to STDERR\n    echo \"error: The sandbox is not in sync with the Podfile.lock. Run 'pod install' or update your CocoaPods installation.\" >&2\n    exit 1\nfi\n# This output is used by Xcode 'outputs' to avoid re-running this script phase.\necho \"SUCCESS\" > \"${SCRIPT_OUTPUT_FILE_0}\"\n";
			showEnvVarsInLog = 0;
		};
		D7623F2C4D53A1CABD3F43AD /* [CP] Check Pods Manifest.lock */ = {
			isa = PBXShellScriptBuildPhase;
			buildActionMask = 2147483647;
			files = (
			);
			inputFileListPaths = (
			);
			inputPaths = (
				"${PODS_PODFILE_DIR_PATH}/Podfile.lock",
				"${PODS_ROOT}/Manifest.lock",
			);
			name = "[CP] Check Pods Manifest.lock";
			outputFileListPaths = (
			);
			outputPaths = (
				"$(DERIVED_FILE_DIR)/Pods-TumblrTests-checkManifestLockResult.txt",
			);
			runOnlyForDeploymentPostprocessing = 0;
			shellPath = /bin/sh;
			shellScript = "diff \"${PODS_PODFILE_DIR_PATH}/Podfile.lock\" \"${PODS_ROOT}/Manifest.lock\" > /dev/null\nif [ $? != 0 ] ; then\n    # print error to STDERR\n    echo \"error: The sandbox is not in sync with the Podfile.lock. Run 'pod install' or update your CocoaPods installation.\" >&2\n    exit 1\nfi\n# This output is used by Xcode 'outputs' to avoid re-running this script phase.\necho \"SUCCESS\" > \"${SCRIPT_OUTPUT_FILE_0}\"\n";
			showEnvVarsInLog = 0;
		};
/* End PBXShellScriptBuildPhase section */

/* Begin PBXSourcesBuildPhase section */
		1DEC5C70220AAEE100A661B5 /* Sources */ = {
			isa = PBXSourcesBuildPhase;
			buildActionMask = 2147483647;
			files = (
				1DEC5C78220AAEE100A661B5 /* AppDelegate.swift in Sources */,
				1DEC5CA8220AB20D00A661B5 /* PhotoCell.swift in Sources */,
				1DEC5CA6220AAF9100A661B5 /* PhotoViewController.swift in Sources */,
			);
			runOnlyForDeploymentPostprocessing = 0;
		};
		1DEC5C84220AAEFB00A661B5 /* Sources */ = {
			isa = PBXSourcesBuildPhase;
			buildActionMask = 2147483647;
			files = (
				1DEC5C8D220AAEFB00A661B5 /* TumblrTests.swift in Sources */,
			);
			runOnlyForDeploymentPostprocessing = 0;
		};
		1DEC5C8F220AAEFB00A661B5 /* Sources */ = {
			isa = PBXSourcesBuildPhase;
			buildActionMask = 2147483647;
			files = (
				1DEC5C98220AAEFB00A661B5 /* TumblrUITests.swift in Sources */,
			);
			runOnlyForDeploymentPostprocessing = 0;
		};
/* End PBXSourcesBuildPhase section */

/* Begin PBXTargetDependency section */
		1DEC5C8A220AAEFB00A661B5 /* PBXTargetDependency */ = {
			isa = PBXTargetDependency;
			target = 1DEC5C73220AAEE100A661B5 /* Tumblr */;
			targetProxy = 1DEC5C89220AAEFB00A661B5 /* PBXContainerItemProxy */;
		};
		1DEC5C95220AAEFB00A661B5 /* PBXTargetDependency */ = {
			isa = PBXTargetDependency;
			target = 1DEC5C73220AAEE100A661B5 /* Tumblr */;
			targetProxy = 1DEC5C94220AAEFB00A661B5 /* PBXContainerItemProxy */;
		};
/* End PBXTargetDependency section */

/* Begin PBXVariantGroup section */
		1DEC5C7B220AAEE100A661B5 /* Main.storyboard */ = {
			isa = PBXVariantGroup;
			children = (
				1DEC5C7C220AAEE100A661B5 /* Base */,
			);
			name = Main.storyboard;
			sourceTree = "<group>";
		};
		1DEC5C80220AAEF600A661B5 /* LaunchScreen.storyboard */ = {
			isa = PBXVariantGroup;
			children = (
				1DEC5C81220AAEF600A661B5 /* Base */,
			);
			name = LaunchScreen.storyboard;
			sourceTree = "<group>";
		};
/* End PBXVariantGroup section */

/* Begin XCBuildConfiguration section */
		1DEC5C9A220AAEFB00A661B5 /* Debug */ = {
			isa = XCBuildConfiguration;
			buildSettings = {
				ALWAYS_SEARCH_USER_PATHS = NO;
				CLANG_ANALYZER_NONNULL = YES;
				CLANG_ANALYZER_NUMBER_OBJECT_CONVERSION = YES_AGGRESSIVE;
				CLANG_CXX_LANGUAGE_STANDARD = "gnu++14";
				CLANG_CXX_LIBRARY = "libc++";
				CLANG_ENABLE_MODULES = YES;
				CLANG_ENABLE_OBJC_ARC = YES;
				CLANG_ENABLE_OBJC_WEAK = YES;
				CLANG_WARN_BLOCK_CAPTURE_AUTORELEASING = YES;
				CLANG_WARN_BOOL_CONVERSION = YES;
				CLANG_WARN_COMMA = YES;
				CLANG_WARN_CONSTANT_CONVERSION = YES;
				CLANG_WARN_DEPRECATED_OBJC_IMPLEMENTATIONS = YES;
				CLANG_WARN_DIRECT_OBJC_ISA_USAGE = YES_ERROR;
				CLANG_WARN_DOCUMENTATION_COMMENTS = YES;
				CLANG_WARN_EMPTY_BODY = YES;
				CLANG_WARN_ENUM_CONVERSION = YES;
				CLANG_WARN_INFINITE_RECURSION = YES;
				CLANG_WARN_INT_CONVERSION = YES;
				CLANG_WARN_NON_LITERAL_NULL_CONVERSION = YES;
				CLANG_WARN_OBJC_IMPLICIT_RETAIN_SELF = YES;
				CLANG_WARN_OBJC_LITERAL_CONVERSION = YES;
				CLANG_WARN_OBJC_ROOT_CLASS = YES_ERROR;
				CLANG_WARN_RANGE_LOOP_ANALYSIS = YES;
				CLANG_WARN_STRICT_PROTOTYPES = YES;
				CLANG_WARN_SUSPICIOUS_MOVE = YES;
				CLANG_WARN_UNGUARDED_AVAILABILITY = YES_AGGRESSIVE;
				CLANG_WARN_UNREACHABLE_CODE = YES;
				CLANG_WARN__DUPLICATE_METHOD_MATCH = YES;
				CODE_SIGN_IDENTITY = "iPhone Developer";
				COPY_PHASE_STRIP = NO;
				DEBUG_INFORMATION_FORMAT = dwarf;
				ENABLE_STRICT_OBJC_MSGSEND = YES;
				ENABLE_TESTABILITY = YES;
				GCC_C_LANGUAGE_STANDARD = gnu11;
				GCC_DYNAMIC_NO_PIC = NO;
				GCC_NO_COMMON_BLOCKS = YES;
				GCC_OPTIMIZATION_LEVEL = 0;
				GCC_PREPROCESSOR_DEFINITIONS = (
					"DEBUG=1",
					"$(inherited)",
				);
				GCC_WARN_64_TO_32_BIT_CONVERSION = YES;
				GCC_WARN_ABOUT_RETURN_TYPE = YES_ERROR;
				GCC_WARN_UNDECLARED_SELECTOR = YES;
				GCC_WARN_UNINITIALIZED_AUTOS = YES_AGGRESSIVE;
				GCC_WARN_UNUSED_FUNCTION = YES;
				GCC_WARN_UNUSED_VARIABLE = YES;
				IPHONEOS_DEPLOYMENT_TARGET = 12.1;
				MTL_ENABLE_DEBUG_INFO = INCLUDE_SOURCE;
				MTL_FAST_MATH = YES;
				ONLY_ACTIVE_ARCH = YES;
				SDKROOT = iphoneos;
				SWIFT_ACTIVE_COMPILATION_CONDITIONS = DEBUG;
				SWIFT_OPTIMIZATION_LEVEL = "-Onone";
			};
			name = Debug;
		};
		1DEC5C9B220AAEFB00A661B5 /* Release */ = {
			isa = XCBuildConfiguration;
			buildSettings = {
				ALWAYS_SEARCH_USER_PATHS = NO;
				CLANG_ANALYZER_NONNULL = YES;
				CLANG_ANALYZER_NUMBER_OBJECT_CONVERSION = YES_AGGRESSIVE;
				CLANG_CXX_LANGUAGE_STANDARD = "gnu++14";
				CLANG_CXX_LIBRARY = "libc++";
				CLANG_ENABLE_MODULES = YES;
				CLANG_ENABLE_OBJC_ARC = YES;
				CLANG_ENABLE_OBJC_WEAK = YES;
				CLANG_WARN_BLOCK_CAPTURE_AUTORELEASING = YES;
				CLANG_WARN_BOOL_CONVERSION = YES;
				CLANG_WARN_COMMA = YES;
				CLANG_WARN_CONSTANT_CONVERSION = YES;
				CLANG_WARN_DEPRECATED_OBJC_IMPLEMENTATIONS = YES;
				CLANG_WARN_DIRECT_OBJC_ISA_USAGE = YES_ERROR;
				CLANG_WARN_DOCUMENTATION_COMMENTS = YES;
				CLANG_WARN_EMPTY_BODY = YES;
				CLANG_WARN_ENUM_CONVERSION = YES;
				CLANG_WARN_INFINITE_RECURSION = YES;
				CLANG_WARN_INT_CONVERSION = YES;
				CLANG_WARN_NON_LITERAL_NULL_CONVERSION = YES;
				CLANG_WARN_OBJC_IMPLICIT_RETAIN_SELF = YES;
				CLANG_WARN_OBJC_LITERAL_CONVERSION = YES;
				CLANG_WARN_OBJC_ROOT_CLASS = YES_ERROR;
				CLANG_WARN_RANGE_LOOP_ANALYSIS = YES;
				CLANG_WARN_STRICT_PROTOTYPES = YES;
				CLANG_WARN_SUSPICIOUS_MOVE = YES;
				CLANG_WARN_UNGUARDED_AVAILABILITY = YES_AGGRESSIVE;
				CLANG_WARN_UNREACHABLE_CODE = YES;
				CLANG_WARN__DUPLICATE_METHOD_MATCH = YES;
				CODE_SIGN_IDENTITY = "iPhone Developer";
				COPY_PHASE_STRIP = NO;
				DEBUG_INFORMATION_FORMAT = "dwarf-with-dsym";
				ENABLE_NS_ASSERTIONS = NO;
				ENABLE_STRICT_OBJC_MSGSEND = YES;
				GCC_C_LANGUAGE_STANDARD = gnu11;
				GCC_NO_COMMON_BLOCKS = YES;
				GCC_WARN_64_TO_32_BIT_CONVERSION = YES;
				GCC_WARN_ABOUT_RETURN_TYPE = YES_ERROR;
				GCC_WARN_UNDECLARED_SELECTOR = YES;
				GCC_WARN_UNINITIALIZED_AUTOS = YES_AGGRESSIVE;
				GCC_WARN_UNUSED_FUNCTION = YES;
				GCC_WARN_UNUSED_VARIABLE = YES;
				IPHONEOS_DEPLOYMENT_TARGET = 12.1;
				MTL_ENABLE_DEBUG_INFO = NO;
				MTL_FAST_MATH = YES;
				SDKROOT = iphoneos;
				SWIFT_COMPILATION_MODE = wholemodule;
				SWIFT_OPTIMIZATION_LEVEL = "-O";
				VALIDATE_PRODUCT = YES;
			};
			name = Release;
		};
		1DEC5C9D220AAEFB00A661B5 /* Debug */ = {
			isa = XCBuildConfiguration;
			baseConfigurationReference = 3AE0BEC44A36B4D2C9D215D4 /* Pods-Tumblr.debug.xcconfig */;
			buildSettings = {
				ASSETCATALOG_COMPILER_APPICON_NAME = AppIcon;
				CODE_SIGN_STYLE = Automatic;
				DEVELOPMENT_TEAM = R9RQGQ4929;
				INFOPLIST_FILE = Tumblr/Info.plist;
				LD_RUNPATH_SEARCH_PATHS = (
					"$(inherited)",
					"@executable_path/Frameworks",
				);
				PRODUCT_BUNDLE_IDENTIFIER = com.yingying.Tumblr;
				PRODUCT_NAME = "$(TARGET_NAME)";
				SWIFT_VERSION = 4.2;
				TARGETED_DEVICE_FAMILY = "1,2";
			};
			name = Debug;
		};
		1DEC5C9E220AAEFB00A661B5 /* Release */ = {
			isa = XCBuildConfiguration;
			baseConfigurationReference = 6AF6C7211D6DB866138D681C /* Pods-Tumblr.release.xcconfig */;
			buildSettings = {
				ASSETCATALOG_COMPILER_APPICON_NAME = AppIcon;
				CODE_SIGN_STYLE = Automatic;
				DEVELOPMENT_TEAM = R9RQGQ4929;
				INFOPLIST_FILE = Tumblr/Info.plist;
				LD_RUNPATH_SEARCH_PATHS = (
					"$(inherited)",
					"@executable_path/Frameworks",
				);
				PRODUCT_BUNDLE_IDENTIFIER = com.yingying.Tumblr;
				PRODUCT_NAME = "$(TARGET_NAME)";
				SWIFT_VERSION = 4.2;
				TARGETED_DEVICE_FAMILY = "1,2";
			};
			name = Release;
		};
		1DEC5CA0220AAEFB00A661B5 /* Debug */ = {
			isa = XCBuildConfiguration;
			baseConfigurationReference = E2D3CB2CEFCC6D31FA38C076 /* Pods-TumblrTests.debug.xcconfig */;
			buildSettings = {
				ALWAYS_EMBED_SWIFT_STANDARD_LIBRARIES = YES;
				BUNDLE_LOADER = "$(TEST_HOST)";
				CODE_SIGN_STYLE = Automatic;
				DEVELOPMENT_TEAM = R9RQGQ4929;
				INFOPLIST_FILE = TumblrTests/Info.plist;
				LD_RUNPATH_SEARCH_PATHS = (
					"$(inherited)",
					"@executable_path/Frameworks",
					"@loader_path/Frameworks",
				);
				PRODUCT_BUNDLE_IDENTIFIER = com.jasminechen.TumblrTests;
				PRODUCT_NAME = "$(TARGET_NAME)";
				SWIFT_VERSION = 4.2;
				TARGETED_DEVICE_FAMILY = "1,2";
				TEST_HOST = "$(BUILT_PRODUCTS_DIR)/Tumblr.app/Tumblr";
			};
			name = Debug;
		};
		1DEC5CA1220AAEFB00A661B5 /* Release */ = {
			isa = XCBuildConfiguration;
			baseConfigurationReference = A2F0014949D6AB997F124121 /* Pods-TumblrTests.release.xcconfig */;
			buildSettings = {
				ALWAYS_EMBED_SWIFT_STANDARD_LIBRARIES = YES;
				BUNDLE_LOADER = "$(TEST_HOST)";
				CODE_SIGN_STYLE = Automatic;
				DEVELOPMENT_TEAM = R9RQGQ4929;
				INFOPLIST_FILE = TumblrTests/Info.plist;
				LD_RUNPATH_SEARCH_PATHS = (
					"$(inherited)",
					"@executable_path/Frameworks",
					"@loader_path/Frameworks",
				);
				PRODUCT_BUNDLE_IDENTIFIER = com.jasminechen.TumblrTests;
				PRODUCT_NAME = "$(TARGET_NAME)";
				SWIFT_VERSION = 4.2;
				TARGETED_DEVICE_FAMILY = "1,2";
				TEST_HOST = "$(BUILT_PRODUCTS_DIR)/Tumblr.app/Tumblr";
			};
			name = Release;
		};
		1DEC5CA3220AAEFB00A661B5 /* Debug */ = {
			isa = XCBuildConfiguration;
			baseConfigurationReference = B80F78C8456DDAD235732459 /* Pods-TumblrUITests.debug.xcconfig */;
			buildSettings = {
				ALWAYS_EMBED_SWIFT_STANDARD_LIBRARIES = YES;
				CODE_SIGN_STYLE = Automatic;
				DEVELOPMENT_TEAM = R9RQGQ4929;
				INFOPLIST_FILE = TumblrUITests/Info.plist;
				LD_RUNPATH_SEARCH_PATHS = (
					"$(inherited)",
					"@executable_path/Frameworks",
					"@loader_path/Frameworks",
				);
				PRODUCT_BUNDLE_IDENTIFIER = com.jasminechen.TumblrUITests;
				PRODUCT_NAME = "$(TARGET_NAME)";
				SWIFT_VERSION = 4.2;
				TARGETED_DEVICE_FAMILY = "1,2";
				TEST_TARGET_NAME = Tumblr;
			};
			name = Debug;
		};
		1DEC5CA4220AAEFB00A661B5 /* Release */ = {
			isa = XCBuildConfiguration;
			baseConfigurationReference = 4C4F20A424C2BA1C57C96653 /* Pods-TumblrUITests.release.xcconfig */;
			buildSettings = {
				ALWAYS_EMBED_SWIFT_STANDARD_LIBRARIES = YES;
				CODE_SIGN_STYLE = Automatic;
				DEVELOPMENT_TEAM = R9RQGQ4929;
				INFOPLIST_FILE = TumblrUITests/Info.plist;
				LD_RUNPATH_SEARCH_PATHS = (
					"$(inherited)",
					"@executable_path/Frameworks",
					"@loader_path/Frameworks",
				);
				PRODUCT_BUNDLE_IDENTIFIER = com.jasminechen.TumblrUITests;
				PRODUCT_NAME = "$(TARGET_NAME)";
				SWIFT_VERSION = 4.2;
				TARGETED_DEVICE_FAMILY = "1,2";
				TEST_TARGET_NAME = Tumblr;
			};
			name = Release;
		};
/* End XCBuildConfiguration section */

/* Begin XCConfigurationList section */
		1DEC5C6F220AAEE000A661B5 /* Build configuration list for PBXProject "Tumblr" */ = {
			isa = XCConfigurationList;
			buildConfigurations = (
				1DEC5C9A220AAEFB00A661B5 /* Debug */,
				1DEC5C9B220AAEFB00A661B5 /* Release */,
			);
			defaultConfigurationIsVisible = 0;
			defaultConfigurationName = Release;
		};
		1DEC5C9C220AAEFB00A661B5 /* Build configuration list for PBXNativeTarget "Tumblr" */ = {
			isa = XCConfigurationList;
			buildConfigurations = (
				1DEC5C9D220AAEFB00A661B5 /* Debug */,
				1DEC5C9E220AAEFB00A661B5 /* Release */,
			);
			defaultConfigurationIsVisible = 0;
			defaultConfigurationName = Release;
		};
		1DEC5C9F220AAEFB00A661B5 /* Build configuration list for PBXNativeTarget "TumblrTests" */ = {
			isa = XCConfigurationList;
			buildConfigurations = (
				1DEC5CA0220AAEFB00A661B5 /* Debug */,
				1DEC5CA1220AAEFB00A661B5 /* Release */,
			);
			defaultConfigurationIsVisible = 0;
			defaultConfigurationName = Release;
		};
		1DEC5CA2220AAEFB00A661B5 /* Build configuration list for PBXNativeTarget "TumblrUITests" */ = {
			isa = XCConfigurationList;
			buildConfigurations = (
				1DEC5CA3220AAEFB00A661B5 /* Debug */,
				1DEC5CA4220AAEFB00A661B5 /* Release */,
			);
			defaultConfigurationIsVisible = 0;
			defaultConfigurationName = Release;
		};
/* End XCConfigurationList section */
	};
	rootObject = 1DEC5C6C220AAEE000A661B5 /* Project object */;
}
